
Microsoft Visual Studio Solution File, Format Version 12.00
# Visual Studio Version 17
VisualStudioVersion = 17.11.35312.102
MinimumVisualStudioVersion = 10.0.40219.1
Project("{9A19103F-16F7-4668-BE54-9A1E7A4F7556}") = "ProductService_5000", "ProductService_5000\ProductService_5000.csproj", "{4418EC61-260A-4DD8-8E3E-ABFA63DC58D8}"
EndProject
Project("{9A19103F-16F7-4668-BE54-9A1E7A4F7556}") = "IdentityServer", "IdentityServer\IdentityServer.csproj", "{DBED7949-F3B0-49AA-AC66-F81DC566621E}"
EndProject
Project("{9A19103F-16F7-4668-BE54-9A1E7A4F7556}") = "UserService_5002", "UserService_5002\UserService_5002.csproj", "{EF075517-928E-49E0-949B-47616C538F15}"
EndProject
Project("{9A19103F-16F7-4668-BE54-9A1E7A4F7556}") = "APIGateway", "APIGateway\APIGateway.csproj", "{1F348B78-0B6E-45CE-90C9-DC56CF1D0327}"
EndProject
Project("{2150E333-8FDC-42A3-9474-1A3956D46DE8}") = "Microservices", "Microservices", "{0FE9E18B-436E-49F2-A14D-79B2F6EE5F2D}"
EndProject
Global
	GlobalSection(SolutionConfigurationPlatforms) = preSolution
		Debug|Any CPU = Debug|Any CPU
		Release|Any CPU = Release|Any CPU
	EndGlobalSection
	GlobalSection(ProjectConfigurationPlatforms) = postSolution
		{4418EC61-260A-4DD8-8E3E-ABFA63DC58D8}.Debug|Any CPU.ActiveCfg = Debug|Any CPU
		{4418EC61-260A-4DD8-8E3E-ABFA63DC58D8}.Debug|Any CPU.Build.0 = Debug|Any CPU
		{4418EC61-260A-4DD8-8E3E-ABFA63DC58D8}.Release|Any CPU.ActiveCfg = Release|Any CPU
		{4418EC61-260A-4DD8-8E3E-ABFA63DC58D8}.Release|Any CPU.Build.0 = Release|Any CPU
		{DBED7949-F3B0-49AA-AC66-F81DC566621E}.Debug|Any CPU.ActiveCfg = Debug|Any CPU
		{DBED7949-F3B0-49AA-AC66-F81DC566621E}.Debug|Any CPU.Build.0 = Debug|Any CPU
		{DBED7949-F3B0-49AA-AC66-F81DC566621E}.Release|Any CPU.ActiveCfg = Release|Any CPU
		{DBED7949-F3B0-49AA-AC66-F81DC566621E}.Release|Any CPU.Build.0 = Release|Any CPU
		{EF075517-928E-49E0-949B-47616C538F15}.Debug|Any CPU.ActiveCfg = Debug|Any CPU
		{EF075517-928E-49E0-949B-47616C538F15}.Debug|Any CPU.Build.0 = Debug|Any CPU
		{EF075517-928E-49E0-949B-47616C538F15}.Release|Any CPU.ActiveCfg = Release|Any CPU
		{EF075517-928E-49E0-949B-47616C538F15}.Release|Any CPU.Build.0 = Release|Any CPU
		{1F348B78-0B6E-45CE-90C9-DC56CF1D0327}.Debug|Any CPU.ActiveCfg = Debug|Any CPU
		{1F348B78-0B6E-45CE-90C9-DC56CF1D0327}.Debug|Any CPU.Build.0 = Debug|Any CPU
		{1F348B78-0B6E-45CE-90C9-DC56CF1D0327}.Release|Any CPU.ActiveCfg = Release|Any CPU
		{1F348B78-0B6E-45CE-90C9-DC56CF1D0327}.Release|Any CPU.Build.0 = Release|Any CPU
	EndGlobalSection
	GlobalSection(SolutionProperties) = preSolution
		HideSolutionNode = FALSE
	EndGlobalSection
	GlobalSection(NestedProjects) = preSolution
		{4418EC61-260A-4DD8-8E3E-ABFA63DC58D8} = {0FE9E18B-436E-49F2-A14D-79B2F6EE5F2D}
		{EF075517-928E-49E0-949B-47616C538F15} = {0FE9E18B-436E-49F2-A14D-79B2F6EE5F2D}
	EndGlobalSection
	GlobalSection(ExtensibilityGlobals) = postSolution
		SolutionGuid = {2BF38950-C7B5-4DEE-B4C7-268600AAD4B4}
	EndGlobalSection
EndGlobal
